
Microsoft Visual Studio Solution File, Format Version 12.00
# Visual Studio Version 17
VisualStudioVersion = 17.1.32421.90
MinimumVisualStudioVersion = 10.0.40219.1
Project("{9A19103F-16F7-4668-BE54-9A1E7A4F7556}") = "FCD.Server", "FCD\Server\FCD.Server.csproj", "{7D9F0FC2-FBD3-4D6E-B86E-614E5C112A12}"
EndProject
Project("{9A19103F-16F7-4668-BE54-9A1E7A4F7556}") = "FCD.Client", "FCD\Client\FCD.Client.csproj", "{18F2F851-B43D-4E05-A43B-45FB534B7C02}"
EndProject
Project("{9A19103F-16F7-4668-BE54-9A1E7A4F7556}") = "FCD.Shared", "FCD\Shared\FCD.Shared.csproj", "{89DC992A-F5FE-4607-AA9F-3F777E435197}"
EndProject
Global
	GlobalSection(SolutionConfigurationPlatforms) = preSolution
		Debug|Any CPU = Debug|Any CPU
		Release|Any CPU = Release|Any CPU
	EndGlobalSection
	GlobalSection(ProjectConfigurationPlatforms) = postSolution
		{7D9F0FC2-FBD3-4D6E-B86E-614E5C112A12}.Debug|Any CPU.ActiveCfg = Debug|Any CPU
		{7D9F0FC2-FBD3-4D6E-B86E-614E5C112A12}.Debug|Any CPU.Build.0 = Debug|Any CPU
		{7D9F0FC2-FBD3-4D6E-B86E-614E5C112A12}.Release|Any CPU.ActiveCfg = Release|Any CPU
		{7D9F0FC2-FBD3-4D6E-B86E-614E5C112A12}.Release|Any CPU.Build.0 = Release|Any CPU
		{18F2F851-B43D-4E05-A43B-45FB534B7C02}.Debug|Any CPU.ActiveCfg = Debug|Any CPU
		{18F2F851-B43D-4E05-A43B-45FB534B7C02}.Debug|Any CPU.Build.0 = Debug|Any CPU
		{18F2F851-B43D-4E05-A43B-45FB534B7C02}.Release|Any CPU.ActiveCfg = Release|Any CPU
		{18F2F851-B43D-4E05-A43B-45FB534B7C02}.Release|Any CPU.Build.0 = Release|Any CPU
		{89DC992A-F5FE-4607-AA9F-3F777E435197}.Debug|Any CPU.ActiveCfg = Debug|Any CPU
		{89DC992A-F5FE-4607-AA9F-3F777E435197}.Debug|Any CPU.Build.0 = Debug|Any CPU
		{89DC992A-F5FE-4607-AA9F-3F777E435197}.Release|Any CPU.ActiveCfg = Release|Any CPU
		{89DC992A-F5FE-4607-AA9F-3F777E435197}.Release|Any CPU.Build.0 = Release|Any CPU
	EndGlobalSection
	GlobalSection(SolutionProperties) = preSolution
		HideSolutionNode = FALSE
	EndGlobalSection
	GlobalSection(ExtensibilityGlobals) = postSolution
		SolutionGuid = {A11E03F9-BE0B-40EC-B5CA-05F8219FBDCF}
	EndGlobalSection
EndGlobal
